
Microsoft Visual Studio Solution File, Format Version 12.00
# Visual Studio Version 17
VisualStudioVersion = 17.7.34031.279
MinimumVisualStudioVersion = 10.0.40219.1
Project("{9A19103F-16F7-4668-BE54-9A1E7A4F7556}") = "Essence", "Essence.csproj", "{FF17818C-AFFB-4EDB-8579-22F24E056EED}"
EndProject
Project("{9A19103F-16F7-4668-BE54-9A1E7A4F7556}") = "Essence.Data", "..\Essence.Data\Essence.Data.csproj", "{0D521DAA-C9B1-4368-8E51-B7717C754E12}"
EndProject
Project("{FAE04EC0-301F-11D3-BF4B-00C04F79EFBC}") = "Essence.Repository1", "..\Essence.Repository1\Essence.Repository1.csproj", "{FBEDD6C5-278D-4A14-BCA8-2D4FDF41C79D}"
EndProject
Global
	GlobalSection(SolutionConfigurationPlatforms) = preSolution
		Debug|Any CPU = Debug|Any CPU
		Release|Any CPU = Release|Any CPU
	EndGlobalSection
	GlobalSection(ProjectConfigurationPlatforms) = postSolution
		{FF17818C-AFFB-4EDB-8579-22F24E056EED}.Debug|Any CPU.ActiveCfg = Debug|Any CPU
		{FF17818C-AFFB-4EDB-8579-22F24E056EED}.Debug|Any CPU.Build.0 = Debug|Any CPU
		{FF17818C-AFFB-4EDB-8579-22F24E056EED}.Release|Any CPU.ActiveCfg = Release|Any CPU
		{FF17818C-AFFB-4EDB-8579-22F24E056EED}.Release|Any CPU.Build.0 = Release|Any CPU
		{0D521DAA-C9B1-4368-8E51-B7717C754E12}.Debug|Any CPU.ActiveCfg = Debug|Any CPU
		{0D521DAA-C9B1-4368-8E51-B7717C754E12}.Debug|Any CPU.Build.0 = Debug|Any CPU
		{0D521DAA-C9B1-4368-8E51-B7717C754E12}.Release|Any CPU.ActiveCfg = Release|Any CPU
		{0D521DAA-C9B1-4368-8E51-B7717C754E12}.Release|Any CPU.Build.0 = Release|Any CPU
		{FBEDD6C5-278D-4A14-BCA8-2D4FDF41C79D}.Debug|Any CPU.ActiveCfg = Debug|Any CPU
		{FBEDD6C5-278D-4A14-BCA8-2D4FDF41C79D}.Debug|Any CPU.Build.0 = Debug|Any CPU
		{FBEDD6C5-278D-4A14-BCA8-2D4FDF41C79D}.Release|Any CPU.ActiveCfg = Release|Any CPU
		{FBEDD6C5-278D-4A14-BCA8-2D4FDF41C79D}.Release|Any CPU.Build.0 = Release|Any CPU
	EndGlobalSection
	GlobalSection(SolutionProperties) = preSolution
		HideSolutionNode = FALSE
	EndGlobalSection
	GlobalSection(ExtensibilityGlobals) = postSolution
		SolutionGuid = {2A355BFE-BB14-47DF-BF63-CAB848DD6948}
	EndGlobalSection
EndGlobal
